lockfileVersion: '9.0'

settings:
  autoInstallPeers: true
  excludeLinksFromLockfile: false

importers:

  .:
    devDependencies:
      acorn:
        specifier: 8.14.0
        version: 8.14.0
      eslint-scope:
        specifier: 8.2.0
        version: 8.2.0

packages:

  acorn@8.14.0:
    resolution: {integrity: sha512-cl669nCJTZBsL97OF4kUQm5g5hC2uihk0NxY3WENAC0TYdILVkAyHymAntgxGkl7K+t0cXIrH5siy5S4XkFycA==}
    engines: {node: '>=0.4.0'}
    hasBin: true

  eslint-scope@8.2.0:
    resolution: {integrity: sha512-PHlWUfG6lvPc3yvP5A4PNyBL1W8fkDUccmI21JUu/+GKZBoH/W5u6usENXUrWFRsyoW5ACUjFGgAFQp5gUlb/A==}
    engines: {node: ^18.18.0 || ^20.9.0 || >=21.1.0}

  esrecurse@4.3.0:
    resolution: {integrity: sha512-KmfKL3b6G+RXvP8N1vr3Tq1kL/oCFgn2NYXEtqP8/L3pKapUA4G8cFVaoF3SU323CD4XypR/ffioHmkti6/Tag==}
    engines: {node: '>=4.0'}

  estraverse@5.3.0:
    resolution: {integrity: sha512-MMdARuVEQziNTeJD8DgMqmhwR11BRQ/cBP+pLtYdSTnf3MIO8fFeiINEbX36ZdNlfU/7A9f3gUw49B3oQsvwBA==}
    engines: {node: '>=4.0'}

snapshots:

  acorn@8.14.0: {}

  eslint-scope@8.2.0:
    dependencies:
      esrecurse: 4.3.0
      estraverse: 5.3.0

  esrecurse@4.3.0:
    dependencies:
      estraverse: 5.3.0

  estraverse@5.3.0: {}
